// !$*UTF8*$!
{
	archiveVersion = 1;
	classes = {
	};
	objectVersion = 56;
	objects = {

/* Begin PBXBuildFile section */
		1A221E3A2C2D5A010038D597 /* PickMeatProjectApp.swift in Sources */ = {isa = PBXBuildFile; fileRef = 1A221E392C2D5A010038D597 /* PickMeatProjectApp.swift */; };
		1A221E3C2C2D5A010038D597 /* ContentView.swift in Sources */ = {isa = PBXBuildFile; fileRef = 1A221E3B2C2D5A010038D597 /* ContentView.swift */; };
		1A221E3E2C2D5A020038D597 /* Assets.xcassets in Resources */ = {isa = PBXBuildFile; fileRef = 1A221E3D2C2D5A020038D597 /* Assets.xcassets */; };
		1A221E412C2D5A020038D597 /* Preview Assets.xcassets in Resources */ = {isa = PBXBuildFile; fileRef = 1A221E402C2D5A020038D597 /* Preview Assets.xcassets */; };
		1A5D109B2C365DC400A4FEEF /* CameraViewModel.swift in Sources */ = {isa = PBXBuildFile; fileRef = 1A5D109A2C365DC400A4FEEF /* CameraViewModel.swift */; };
		1A5D109F2C365DF700A4FEEF /* CameraView.swift in Sources */ = {isa = PBXBuildFile; fileRef = 1A5D109E2C365DF700A4FEEF /* CameraView.swift */; };
		1A5D10A12C365E1D00A4FEEF /* CemaraPreview.swift in Sources */ = {isa = PBXBuildFile; fileRef = 1A5D10A02C365E1D00A4FEEF /* CemaraPreview.swift */; };
		1A5D10A32C365E4C00A4FEEF /* CameraView+Buttons.swift in Sources */ = {isa = PBXBuildFile; fileRef = 1A5D10A22C365E4C00A4FEEF /* CameraView+Buttons.swift */; };
		1A5D10A52C365E5E00A4FEEF /* CameraView+HorizontalControlBar.swift in Sources */ = {isa = PBXBuildFile; fileRef = 1A5D10A42C365E5E00A4FEEF /* CameraView+HorizontalControlBar.swift */; };
		1A5D10A92C365E8100A4FEEF /* CameraView+VerticalControlBar.swift in Sources */ = {isa = PBXBuildFile; fileRef = 1A5D10A82C365E8100A4FEEF /* CameraView+VerticalControlBar.swift */; };
		1A5D10AC2C365EA600A4FEEF /* View+.swift in Sources */ = {isa = PBXBuildFile; fileRef = 1A5D10AB2C365EA600A4FEEF /* View+.swift */; };
		1A5D10AE2C365EB800A4FEEF /* UIDeviceOrientation.swift in Sources */ = {isa = PBXBuildFile; fileRef = 1A5D10AD2C365EB800A4FEEF /* UIDeviceOrientation.swift */; };
		1A6DD7DD2C3BF8FC00EDE08A /* ResultDetailViewModel.swift in Sources */ = {isa = PBXBuildFile; fileRef = 1A6DD7DC2C3BF8FC00EDE08A /* ResultDetailViewModel.swift */; };
		1A6DD7DF2C3BF92D00EDE08A /* ResultDetailModel.swift in Sources */ = {isa = PBXBuildFile; fileRef = 1A6DD7DE2C3BF92D00EDE08A /* ResultDetailModel.swift */; };
		1A6DD7E12C3BFD4D00EDE08A /* ResultDetailView.swift in Sources */ = {isa = PBXBuildFile; fileRef = 1A6DD7E02C3BFD4D00EDE08A /* ResultDetailView.swift */; };
		1AB600052C3BA2AC000524A1 /* ClassModel.swift in Sources */ = {isa = PBXBuildFile; fileRef = 1AB6FFFE2C3BA2AC000524A1 /* ClassModel.swift */; };
		1AB600062C3BA2AC000524A1 /* GetModel.swift in Sources */ = {isa = PBXBuildFile; fileRef = 1AB6FFFF2C3BA2AC000524A1 /* GetModel.swift */; };
		1AB600072C3BA2AC000524A1 /* MeatClass.swift in Sources */ = {isa = PBXBuildFile; fileRef = 1AB600002C3BA2AC000524A1 /* MeatClass.swift */; };
		1AB600082C3BA2AC000524A1 /* PhotoTopython.swift in Sources */ = {isa = PBXBuildFile; fileRef = 1AB600012C3BA2AC000524A1 /* PhotoTopython.swift */; };
		1AB600092C3BA2AC000524A1 /* SendImage.swift in Sources */ = {isa = PBXBuildFile; fileRef = 1AB600022C3BA2AC000524A1 /* SendImage.swift */; };
		1AB6000A2C3BA2AC000524A1 /* SendPythonModel.swift in Sources */ = {isa = PBXBuildFile; fileRef = 1AB600032C3BA2AC000524A1 /* SendPythonModel.swift */; };
		1AB6000D2C3BA2C1000524A1 /* MeatDetecting.mlmodel in Sources */ = {isa = PBXBuildFile; fileRef = 1AB6000B2C3BA2C1000524A1 /* MeatDetecting.mlmodel */; };
		1AB6000E2C3BA2C1000524A1 /* Meatclassfication.mlmodel in Sources */ = {isa = PBXBuildFile; fileRef = 1AB6000C2C3BA2C1000524A1 /* Meatclassfication.mlmodel */; };
		1AB600112C3BA2FA000524A1 /* Alamofire in Frameworks */ = {isa = PBXBuildFile; productRef = 1AB600102C3BA2FA000524A1 /* Alamofire */; };
		1AF22CC62C36962D00CD9D6C /* AlbumImageSelectPage.swift in Sources */ = {isa = PBXBuildFile; fileRef = 1AF22CC52C36962D00CD9D6C /* AlbumImageSelectPage.swift */; };
		1AF22CC82C36968400CD9D6C /* SelectImageViewButton.swift in Sources */ = {isa = PBXBuildFile; fileRef = 1AF22CC72C36968400CD9D6C /* SelectImageViewButton.swift */; };
		1AF22CCA2C36969E00CD9D6C /* SelectImageViewHoriControlBar.swift in Sources */ = {isa = PBXBuildFile; fileRef = 1AF22CC92C36969E00CD9D6C /* SelectImageViewHoriControlBar.swift */; };
		1AF22CCC2C3696AE00CD9D6C /* SelectImageViewVertiControlBar.swift in Sources */ = {isa = PBXBuildFile; fileRef = 1AF22CCB2C3696AE00CD9D6C /* SelectImageViewVertiControlBar.swift */; };
		1F4C32482C3CE82C00C9ABA3 /* MeatClassficationView.swift in Sources */ = {isa = PBXBuildFile; fileRef = 1F4C32462C3CE82C00C9ABA3 /* MeatClassficationView.swift */; };
		1F4C324B2C3CE83400C9ABA3 /* progres.swift in Sources */ = {isa = PBXBuildFile; fileRef = 1F4C32492C3CE83400C9ABA3 /* progres.swift */; };
		1F4C324D2C3CF03600C9ABA3 /* PredictResultView.swift in Sources */ = {isa = PBXBuildFile; fileRef = 1F4C324C2C3CF03600C9ABA3 /* PredictResultView.swift */; };
		1F65AB612C362C3C00FEB692 /* SplashView.swift in Sources */ = {isa = PBXBuildFile; fileRef = 1F65AB602C362C3C00FEB692 /* SplashView.swift */; };
		1F65AB632C362C5500FEB692 /* TipView.swift in Sources */ = {isa = PBXBuildFile; fileRef = 1F65AB622C362C5500FEB692 /* TipView.swift */; };
		1F65AB662C362C7000FEB692 /* SDWebImageSwiftUI in Frameworks */ = {isa = PBXBuildFile; productRef = 1F65AB652C362C7000FEB692 /* SDWebImageSwiftUI */; };
		1FD1AAF52C3D590C003B0863 /* SaveCapImage.swift in Sources */ = {isa = PBXBuildFile; fileRef = 1FD1AAF42C3D590C003B0863 /* SaveCapImage.swift */; };
		1FE478E02C3CE27100AF461A /* MeatOrNot.swift in Sources */ = {isa = PBXBuildFile; fileRef = 1FE478DF2C3CE27100AF461A /* MeatOrNot.swift */; };
		1FE478E22C3CE2B100AF461A /* ProgresModel.swift in Sources */ = {isa = PBXBuildFile; fileRef = 1FE478E12C3CE2B100AF461A /* ProgresModel.swift */; };
		1FE478E42C3CE2B800AF461A /* predModel.swift in Sources */ = {isa = PBXBuildFile; fileRef = 1FE478E32C3CE2B800AF461A /* predModel.swift */; };
/* End PBXBuildFile section */

/* Begin PBXFileReference section */
		1A221E362C2D5A010038D597 /* PickMeatProject.app */ = {isa = PBXFileReference; explicitFileType = wrapper.application; includeInIndex = 0; path = PickMeatProject.app; sourceTree = BUILT_PRODUCTS_DIR; };
		1A221E392C2D5A010038D597 /* PickMeatProjectApp.swift */ = {isa = PBXFileReference; lastKnownFileType = sourcecode.swift; path = PickMeatProjectApp.swift; sourceTree = "<group>"; };
		1A221E3B2C2D5A010038D597 /* ContentView.swift */ = {isa = PBXFileReference; lastKnownFileType = sourcecode.swift; path = ContentView.swift; sourceTree = "<group>"; };
		1A221E3D2C2D5A020038D597 /* Assets.xcassets */ = {isa = PBXFileReference; lastKnownFileType = folder.assetcatalog; path = Assets.xcassets; sourceTree = "<group>"; };
		1A221E402C2D5A020038D597 /* Preview Assets.xcassets */ = {isa = PBXFileReference; lastKnownFileType = folder.assetcatalog; path = "Preview Assets.xcassets"; sourceTree = "<group>"; };
		1A5D109A2C365DC400A4FEEF /* CameraViewModel.swift */ = {isa = PBXFileReference; lastKnownFileType = sourcecode.swift; path = CameraViewModel.swift; sourceTree = "<group>"; };
		1A5D109E2C365DF700A4FEEF /* CameraView.swift */ = {isa = PBXFileReference; lastKnownFileType = sourcecode.swift; path = CameraView.swift; sourceTree = "<group>"; };
		1A5D10A02C365E1D00A4FEEF /* CemaraPreview.swift */ = {isa = PBXFileReference; lastKnownFileType = sourcecode.swift; path = CemaraPreview.swift; sourceTree = "<group>"; };
		1A5D10A22C365E4C00A4FEEF /* CameraView+Buttons.swift */ = {isa = PBXFileReference; lastKnownFileType = sourcecode.swift; path = "CameraView+Buttons.swift"; sourceTree = "<group>"; };
		1A5D10A42C365E5E00A4FEEF /* CameraView+HorizontalControlBar.swift */ = {isa = PBXFileReference; lastKnownFileType = sourcecode.swift; path = "CameraView+HorizontalControlBar.swift"; sourceTree = "<group>"; };
		1A5D10A82C365E8100A4FEEF /* CameraView+VerticalControlBar.swift */ = {isa = PBXFileReference; lastKnownFileType = sourcecode.swift; path = "CameraView+VerticalControlBar.swift"; sourceTree = "<group>"; };
		1A5D10AB2C365EA600A4FEEF /* View+.swift */ = {isa = PBXFileReference; lastKnownFileType = sourcecode.swift; path = "View+.swift"; sourceTree = "<group>"; };
		1A5D10AD2C365EB800A4FEEF /* UIDeviceOrientation.swift */ = {isa = PBXFileReference; lastKnownFileType = sourcecode.swift; path = UIDeviceOrientation.swift; sourceTree = "<group>"; };
		1A6DD7DC2C3BF8FC00EDE08A /* ResultDetailViewModel.swift */ = {isa = PBXFileReference; lastKnownFileType = sourcecode.swift; path = ResultDetailViewModel.swift; sourceTree = "<group>"; };
		1A6DD7DE2C3BF92D00EDE08A /* ResultDetailModel.swift */ = {isa = PBXFileReference; lastKnownFileType = sourcecode.swift; path = ResultDetailModel.swift; sourceTree = "<group>"; };
		1A6DD7E02C3BFD4D00EDE08A /* ResultDetailView.swift */ = {isa = PBXFileReference; lastKnownFileType = sourcecode.swift; path = ResultDetailView.swift; sourceTree = "<group>"; };
		1AB600002C3BA2AC000524A1 /* MeatClass.swift */ = {isa = PBXFileReference; fileEncoding = 4; lastKnownFileType = sourcecode.swift; path = MeatClass.swift; sourceTree = "<group>"; };
		1AB600012C3BA2AC000524A1 /* PhotoTopython.swift */ = {isa = PBXFileReference; fileEncoding = 4; lastKnownFileType = sourcecode.swift; path = PhotoTopython.swift; sourceTree = "<group>"; };
		1AB600022C3BA2AC000524A1 /* SendImage.swift */ = {isa = PBXFileReference; fileEncoding = 4; lastKnownFileType = sourcecode.swift; path = SendImage.swift; sourceTree = "<group>"; };
		1AB600032C3BA2AC000524A1 /* SendPythonModel.swift */ = {isa = PBXFileReference; fileEncoding = 4; lastKnownFileType = sourcecode.swift; path = SendPythonModel.swift; sourceTree = "<group>"; };
		1AB6000B2C3BA2C1000524A1 /* MeatDetecting.mlmodel */ = {isa = PBXFileReference; lastKnownFileType = file.mlmodel; path = MeatDetecting.mlmodel; sourceTree = "<group>"; };
		1AB6000C2C3BA2C1000524A1 /* Meatclassfication.mlmodel */ = {isa = PBXFileReference; lastKnownFileType = file.mlmodel; path = Meatclassfication.mlmodel; sourceTree = "<group>"; };
		1AB6FFFE2C3BA2AC000524A1 /* ClassModel.swift */ = {isa = PBXFileReference; fileEncoding = 4; lastKnownFileType = sourcecode.swift; path = ClassModel.swift; sourceTree = "<group>"; };
		1AB6FFFF2C3BA2AC000524A1 /* GetModel.swift */ = {isa = PBXFileReference; fileEncoding = 4; lastKnownFileType = sourcecode.swift; path = GetModel.swift; sourceTree = "<group>"; };
		1AF22CC52C36962D00CD9D6C /* AlbumImageSelectPage.swift */ = {isa = PBXFileReference; lastKnownFileType = sourcecode.swift; path = AlbumImageSelectPage.swift; sourceTree = "<group>"; };
		1AF22CC72C36968400CD9D6C /* SelectImageViewButton.swift */ = {isa = PBXFileReference; lastKnownFileType = sourcecode.swift; path = SelectImageViewButton.swift; sourceTree = "<group>"; };
		1AF22CC92C36969E00CD9D6C /* SelectImageViewHoriControlBar.swift */ = {isa = PBXFileReference; lastKnownFileType = sourcecode.swift; path = SelectImageViewHoriControlBar.swift; sourceTree = "<group>"; };
		1AF22CCB2C3696AE00CD9D6C /* SelectImageViewVertiControlBar.swift */ = {isa = PBXFileReference; lastKnownFileType = sourcecode.swift; path = SelectImageViewVertiControlBar.swift; sourceTree = "<group>"; };
		1F4C32462C3CE82C00C9ABA3 /* MeatClassficationView.swift */ = {isa = PBXFileReference; fileEncoding = 4; lastKnownFileType = sourcecode.swift; path = MeatClassficationView.swift; sourceTree = "<group>"; };
		1F4C32492C3CE83400C9ABA3 /* progres.swift */ = {isa = PBXFileReference; fileEncoding = 4; lastKnownFileType = sourcecode.swift; path = progres.swift; sourceTree = "<group>"; };
		1F4C324C2C3CF03600C9ABA3 /* PredictResultView.swift */ = {isa = PBXFileReference; lastKnownFileType = sourcecode.swift; path = PredictResultView.swift; sourceTree = "<group>"; };
		1F65AB602C362C3C00FEB692 /* SplashView.swift */ = {isa = PBXFileReference; lastKnownFileType = sourcecode.swift; path = SplashView.swift; sourceTree = "<group>"; };
		1F65AB622C362C5500FEB692 /* TipView.swift */ = {isa = PBXFileReference; lastKnownFileType = sourcecode.swift; path = TipView.swift; sourceTree = "<group>"; };
		1FD1AAF42C3D590C003B0863 /* SaveCapImage.swift */ = {isa = PBXFileReference; lastKnownFileType = sourcecode.swift; path = SaveCapImage.swift; sourceTree = "<group>"; };
		1FE478DF2C3CE27100AF461A /* MeatOrNot.swift */ = {isa = PBXFileReference; fileEncoding = 4; lastKnownFileType = sourcecode.swift; path = MeatOrNot.swift; sourceTree = "<group>"; };
		1FE478E12C3CE2B100AF461A /* ProgresModel.swift */ = {isa = PBXFileReference; fileEncoding = 4; lastKnownFileType = sourcecode.swift; path = ProgresModel.swift; sourceTree = "<group>"; };
		1FE478E32C3CE2B800AF461A /* predModel.swift */ = {isa = PBXFileReference; fileEncoding = 4; lastKnownFileType = sourcecode.swift; path = predModel.swift; sourceTree = "<group>"; };
/* End PBXFileReference section */

/* Begin PBXFrameworksBuildPhase section */
		1A221E332C2D5A010038D597 /* Frameworks */ = {
			isa = PBXFrameworksBuildPhase;
			buildActionMask = 2147483647;
			files = (
				1F65AB662C362C7000FEB692 /* SDWebImageSwiftUI in Frameworks */,
				1AB600112C3BA2FA000524A1 /* Alamofire in Frameworks */,
			);
			runOnlyForDeploymentPostprocessing = 0;
		};
/* End PBXFrameworksBuildPhase section */

/* Begin PBXGroup section */
		1A221E2D2C2D5A010038D597 = {
			isa = PBXGroup;
			children = (
				1A221E382C2D5A010038D597 /* PickMeatProject */,
				1A221E372C2D5A010038D597 /* Products */,
			);
			sourceTree = "<group>";
		};
		1A221E372C2D5A010038D597 /* Products */ = {
			isa = PBXGroup;
			children = (
				1A221E362C2D5A010038D597 /* PickMeatProject.app */,
			);
			name = Products;
			sourceTree = "<group>";
		};
		1A221E382C2D5A010038D597 /* PickMeatProject */ = {
			isa = PBXGroup;
			children = (
				1AB6000C2C3BA2C1000524A1 /* Meatclassfication.mlmodel */,
				1AB6000B2C3BA2C1000524A1 /* MeatDetecting.mlmodel */,
				1AB600042C3BA2AC000524A1 /* photoTest */,
				1A5D10AA2C365E9400A4FEEF /* extensions */,
				1A221E492C2D5A130038D597 /* VM */,
				1A221E482C2D5A0F0038D597 /* Model */,
				1A221E472C2D5A070038D597 /* View */,
				1A221E392C2D5A010038D597 /* PickMeatProjectApp.swift */,
				1A221E3B2C2D5A010038D597 /* ContentView.swift */,
				1A221E3D2C2D5A020038D597 /* Assets.xcassets */,
				1A221E3F2C2D5A020038D597 /* Preview Content */,
			);
			path = PickMeatProject;
			sourceTree = "<group>";
		};
		1A221E3F2C2D5A020038D597 /* Preview Content */ = {
			isa = PBXGroup;
			children = (
				1A221E402C2D5A020038D597 /* Preview Assets.xcassets */,
			);
			path = "Preview Content";
			sourceTree = "<group>";
		};
		1A221E472C2D5A070038D597 /* View */ = {
			isa = PBXGroup;
			children = (
				1F4C324A2C3CE83400C9ABA3 /* ProgresView */,
				1F4C32472C3CE82C00C9ABA3 /* predictView */,
				1F65AB602C362C3C00FEB692 /* SplashView.swift */,
				1F65AB622C362C5500FEB692 /* TipView.swift */,
				1A5D109E2C365DF700A4FEEF /* CameraView.swift */,
				1A5D10A02C365E1D00A4FEEF /* CemaraPreview.swift */,
				1A5D10A22C365E4C00A4FEEF /* CameraView+Buttons.swift */,
				1A5D10A42C365E5E00A4FEEF /* CameraView+HorizontalControlBar.swift */,
				1A5D10A82C365E8100A4FEEF /* CameraView+VerticalControlBar.swift */,
				1AF22CC52C36962D00CD9D6C /* AlbumImageSelectPage.swift */,
				1AF22CC72C36968400CD9D6C /* SelectImageViewButton.swift */,
				1AF22CC92C36969E00CD9D6C /* SelectImageViewHoriControlBar.swift */,
				1AF22CCB2C3696AE00CD9D6C /* SelectImageViewVertiControlBar.swift */,
				1A6DD7E02C3BFD4D00EDE08A /* ResultDetailView.swift */,
			);
			path = View;
			sourceTree = "<group>";
		};
		1A221E482C2D5A0F0038D597 /* Model */ = {
			isa = PBXGroup;
			children = (
				1FE478E32C3CE2B800AF461A /* predModel.swift */,
				1FE478E12C3CE2B100AF461A /* ProgresModel.swift */,
				1A6DD7DE2C3BF92D00EDE08A /* ResultDetailModel.swift */,
				1FD1AAF42C3D590C003B0863 /* SaveCapImage.swift */,
			);
			path = Model;
			sourceTree = "<group>";
		};
		1A221E492C2D5A130038D597 /* VM */ = {
			isa = PBXGroup;
			children = (
				1AB600032C3BA2AC000524A1 /* SendPythonModel.swift */,
				1AB6FFFF2C3BA2AC000524A1 /* GetModel.swift */,
				1FE478DF2C3CE27100AF461A /* MeatOrNot.swift */,
				1A5D109A2C365DC400A4FEEF /* CameraViewModel.swift */,
				1A6DD7DC2C3BF8FC00EDE08A /* ResultDetailViewModel.swift */,
			);
			path = VM;
			sourceTree = "<group>";
		};
		1A5D10AA2C365E9400A4FEEF /* extensions */ = {
			isa = PBXGroup;
			children = (
				1A5D10AB2C365EA600A4FEEF /* View+.swift */,
				1A5D10AD2C365EB800A4FEEF /* UIDeviceOrientation.swift */,
			);
			path = extensions;
			sourceTree = "<group>";
		};
		1AB600042C3BA2AC000524A1 /* photoTest */ = {
			isa = PBXGroup;
			children = (
				1AB6FFFE2C3BA2AC000524A1 /* ClassModel.swift */,
				1AB600002C3BA2AC000524A1 /* MeatClass.swift */,
				1AB600012C3BA2AC000524A1 /* PhotoTopython.swift */,
				1AB600022C3BA2AC000524A1 /* SendImage.swift */,
			);
			path = photoTest;
			sourceTree = "<group>";
		};
		1F4C32472C3CE82C00C9ABA3 /* predictView */ = {
			isa = PBXGroup;
			children = (
				1F4C32462C3CE82C00C9ABA3 /* MeatClassficationView.swift */,
				1F4C324C2C3CF03600C9ABA3 /* PredictResultView.swift */,
			);
			path = predictView;
			sourceTree = "<group>";
		};
		1F4C324A2C3CE83400C9ABA3 /* ProgresView */ = {
			isa = PBXGroup;
			children = (
				1F4C32492C3CE83400C9ABA3 /* progres.swift */,
			);
			path = ProgresView;
			sourceTree = "<group>";
		};
/* End PBXGroup section */

/* Begin PBXNativeTarget section */
		1A221E352C2D5A010038D597 /* PickMeatProject */ = {
			isa = PBXNativeTarget;
			buildConfigurationList = 1A221E442C2D5A020038D597 /* Build configuration list for PBXNativeTarget "PickMeatProject" */;
			buildPhases = (
				1A221E322C2D5A010038D597 /* Sources */,
				1A221E332C2D5A010038D597 /* Frameworks */,
				1A221E342C2D5A010038D597 /* Resources */,
			);
			buildRules = (
			);
			dependencies = (
			);
			name = PickMeatProject;
			packageProductDependencies = (
				1F65AB652C362C7000FEB692 /* SDWebImageSwiftUI */,
				1AB600102C3BA2FA000524A1 /* Alamofire */,
			);
			productName = PickMeatProject;
			productReference = 1A221E362C2D5A010038D597 /* PickMeatProject.app */;
			productType = "com.apple.product-type.application";
		};
/* End PBXNativeTarget section */

/* Begin PBXProject section */
		1A221E2E2C2D5A010038D597 /* Project object */ = {
			isa = PBXProject;
			attributes = {
				BuildIndependentTargetsInParallel = 1;
				LastSwiftUpdateCheck = 1530;
				LastUpgradeCheck = 1530;
				TargetAttributes = {
					1A221E352C2D5A010038D597 = {
						CreatedOnToolsVersion = 15.3;
					};
				};
			};
			buildConfigurationList = 1A221E312C2D5A010038D597 /* Build configuration list for PBXProject "PickMeatProject" */;
			compatibilityVersion = "Xcode 14.0";
			developmentRegion = en;
			hasScannedForEncodings = 0;
			knownRegions = (
				en,
				Base,
			);
			mainGroup = 1A221E2D2C2D5A010038D597;
			packageReferences = (
				1F65AB642C362C7000FEB692 /* XCRemoteSwiftPackageReference "SDWebImageSwiftUI" */,
				1AB6000F2C3BA2FA000524A1 /* XCRemoteSwiftPackageReference "Alamofire" */,
			);
			productRefGroup = 1A221E372C2D5A010038D597 /* Products */;
			projectDirPath = "";
			projectRoot = "";
			targets = (
				1A221E352C2D5A010038D597 /* PickMeatProject */,
			);
		};
/* End PBXProject section */

/* Begin PBXResourcesBuildPhase section */
		1A221E342C2D5A010038D597 /* Resources */ = {
			isa = PBXResourcesBuildPhase;
			buildActionMask = 2147483647;
			files = (
				1A221E412C2D5A020038D597 /* Preview Assets.xcassets in Resources */,
				1A221E3E2C2D5A020038D597 /* Assets.xcassets in Resources */,
			);
			runOnlyForDeploymentPostprocessing = 0;
		};
/* End PBXResourcesBuildPhase section */

/* Begin PBXSourcesBuildPhase section */
		1A221E322C2D5A010038D597 /* Sources */ = {
			isa = PBXSourcesBuildPhase;
			buildActionMask = 2147483647;
			files = (
				1AF22CC82C36968400CD9D6C /* SelectImageViewButton.swift in Sources */,
				1AB600082C3BA2AC000524A1 /* PhotoTopython.swift in Sources */,
				1F65AB632C362C5500FEB692 /* TipView.swift in Sources */,
				1A6DD7DD2C3BF8FC00EDE08A /* ResultDetailViewModel.swift in Sources */,
				1A5D10A32C365E4C00A4FEEF /* CameraView+Buttons.swift in Sources */,
				1FD1AAF52C3D590C003B0863 /* SaveCapImage.swift in Sources */,
				1A5D10A12C365E1D00A4FEEF /* CemaraPreview.swift in Sources */,
				1AB600052C3BA2AC000524A1 /* ClassModel.swift in Sources */,
				1A6DD7E12C3BFD4D00EDE08A /* ResultDetailView.swift in Sources */,
				1A221E3C2C2D5A010038D597 /* ContentView.swift in Sources */,
				1F4C324D2C3CF03600C9ABA3 /* PredictResultView.swift in Sources */,
				1A5D10AC2C365EA600A4FEEF /* View+.swift in Sources */,
				1F4C324B2C3CE83400C9ABA3 /* progres.swift in Sources */,
				1A5D10A92C365E8100A4FEEF /* CameraView+VerticalControlBar.swift in Sources */,
				1A221E3A2C2D5A010038D597 /* PickMeatProjectApp.swift in Sources */,
				1F4C32482C3CE82C00C9ABA3 /* MeatClassficationView.swift in Sources */,
				1A5D109F2C365DF700A4FEEF /* CameraView.swift in Sources */,
				1AB600092C3BA2AC000524A1 /* SendImage.swift in Sources */,
				1AB600062C3BA2AC000524A1 /* GetModel.swift in Sources */,
				1AB6000A2C3BA2AC000524A1 /* SendPythonModel.swift in Sources */,
				1A5D109B2C365DC400A4FEEF /* CameraViewModel.swift in Sources */,
				1AF22CCA2C36969E00CD9D6C /* SelectImageViewHoriControlBar.swift in Sources */,
				1AF22CC62C36962D00CD9D6C /* AlbumImageSelectPage.swift in Sources */,
				1A5D10A52C365E5E00A4FEEF /* CameraView+HorizontalControlBar.swift in Sources */,
				1AB6000D2C3BA2C1000524A1 /* MeatDetecting.mlmodel in Sources */,
				1AB6000E2C3BA2C1000524A1 /* Meatclassfication.mlmodel in Sources */,
				1A6DD7DF2C3BF92D00EDE08A /* ResultDetailModel.swift in Sources */,
				1FE478E02C3CE27100AF461A /* MeatOrNot.swift in Sources */,
				1AF22CCC2C3696AE00CD9D6C /* SelectImageViewVertiControlBar.swift in Sources */,
				1A5D10AE2C365EB800A4FEEF /* UIDeviceOrientation.swift in Sources */,
				1FE478E42C3CE2B800AF461A /* predModel.swift in Sources */,
				1FE478E22C3CE2B100AF461A /* ProgresModel.swift in Sources */,
				1F65AB612C362C3C00FEB692 /* SplashView.swift in Sources */,
				1AB600072C3BA2AC000524A1 /* MeatClass.swift in Sources */,
			);
			runOnlyForDeploymentPostprocessing = 0;
		};
/* End PBXSourcesBuildPhase section */

/* Begin XCBuildConfiguration section */
		1A221E422C2D5A020038D597 /* Debug */ = {
			isa = XCBuildConfiguration;
			buildSettings = {
				ALWAYS_SEARCH_USER_PATHS = NO;
				ASSETCATALOG_COMPILER_GENERATE_SWIFT_ASSET_SYMBOL_EXTENSIONS = YES;
				CLANG_ANALYZER_NONNULL = YES;
				CLANG_ANALYZER_NUMBER_OBJECT_CONVERSION = YES_AGGRESSIVE;
				CLANG_CXX_LANGUAGE_STANDARD = "gnu++20";
				CLANG_ENABLE_MODULES = YES;
				CLANG_ENABLE_OBJC_ARC = YES;
				CLANG_ENABLE_OBJC_WEAK = YES;
				CLANG_WARN_BLOCK_CAPTURE_AUTORELEASING = YES;
				CLANG_WARN_BOOL_CONVERSION = YES;
				CLANG_WARN_COMMA = YES;
				CLANG_WARN_CONSTANT_CONVERSION = YES;
				CLANG_WARN_DEPRECATED_OBJC_IMPLEMENTATIONS = YES;
				CLANG_WARN_DIRECT_OBJC_ISA_USAGE = YES_ERROR;
				CLANG_WARN_DOCUMENTATION_COMMENTS = YES;
				CLANG_WARN_EMPTY_BODY = YES;
				CLANG_WARN_ENUM_CONVERSION = YES;
				CLANG_WARN_INFINITE_RECURSION = YES;
				CLANG_WARN_INT_CONVERSION = YES;
				CLANG_WARN_NON_LITERAL_NULL_CONVERSION = YES;
				CLANG_WARN_OBJC_IMPLICIT_RETAIN_SELF = YES;
				CLANG_WARN_OBJC_LITERAL_CONVERSION = YES;
				CLANG_WARN_OBJC_ROOT_CLASS = YES_ERROR;
				CLANG_WARN_QUOTED_INCLUDE_IN_FRAMEWORK_HEADER = YES;
				CLANG_WARN_RANGE_LOOP_ANALYSIS = YES;
				CLANG_WARN_STRICT_PROTOTYPES = YES;
				CLANG_WARN_SUSPICIOUS_MOVE = YES;
				CLANG_WARN_UNGUARDED_AVAILABILITY = YES_AGGRESSIVE;
				CLANG_WARN_UNREACHABLE_CODE = YES;
				CLANG_WARN__DUPLICATE_METHOD_MATCH = YES;
				COPY_PHASE_STRIP = NO;
				DEBUG_INFORMATION_FORMAT = dwarf;
				ENABLE_STRICT_OBJC_MSGSEND = YES;
				ENABLE_TESTABILITY = YES;
				ENABLE_USER_SCRIPT_SANDBOXING = YES;
				GCC_C_LANGUAGE_STANDARD = gnu17;
				GCC_DYNAMIC_NO_PIC = NO;
				GCC_NO_COMMON_BLOCKS = YES;
				GCC_OPTIMIZATION_LEVEL = 0;
				GCC_PREPROCESSOR_DEFINITIONS = (
					"DEBUG=1",
					"$(inherited)",
				);
				GCC_WARN_64_TO_32_BIT_CONVERSION = YES;
				GCC_WARN_ABOUT_RETURN_TYPE = YES_ERROR;
				GCC_WARN_UNDECLARED_SELECTOR = YES;
				GCC_WARN_UNINITIALIZED_AUTOS = YES_AGGRESSIVE;
				GCC_WARN_UNUSED_FUNCTION = YES;
				GCC_WARN_UNUSED_VARIABLE = YES;
				IPHONEOS_DEPLOYMENT_TARGET = 17.4;
				LOCALIZATION_PREFERS_STRING_CATALOGS = YES;
				MTL_ENABLE_DEBUG_INFO = INCLUDE_SOURCE;
				MTL_FAST_MATH = YES;
				ONLY_ACTIVE_ARCH = YES;
				SDKROOT = iphoneos;
				SWIFT_ACTIVE_COMPILATION_CONDITIONS = "DEBUG $(inherited)";
				SWIFT_OPTIMIZATION_LEVEL = "-Onone";
			};
			name = Debug;
		};
		1A221E432C2D5A020038D597 /* Release */ = {
			isa = XCBuildConfiguration;
			buildSettings = {
				ALWAYS_SEARCH_USER_PATHS = NO;
				ASSETCATALOG_COMPILER_GENERATE_SWIFT_ASSET_SYMBOL_EXTENSIONS = YES;
				CLANG_ANALYZER_NONNULL = YES;
				CLANG_ANALYZER_NUMBER_OBJECT_CONVERSION = YES_AGGRESSIVE;
				CLANG_CXX_LANGUAGE_STANDARD = "gnu++20";
				CLANG_ENABLE_MODULES = YES;
				CLANG_ENABLE_OBJC_ARC = YES;
				CLANG_ENABLE_OBJC_WEAK = YES;
				CLANG_WARN_BLOCK_CAPTURE_AUTORELEASING = YES;
				CLANG_WARN_BOOL_CONVERSION = YES;
				CLANG_WARN_COMMA = YES;
				CLANG_WARN_CONSTANT_CONVERSION = YES;
				CLANG_WARN_DEPRECATED_OBJC_IMPLEMENTATIONS = YES;
				CLANG_WARN_DIRECT_OBJC_ISA_USAGE = YES_ERROR;
				CLANG_WARN_DOCUMENTATION_COMMENTS = YES;
				CLANG_WARN_EMPTY_BODY = YES;
				CLANG_WARN_ENUM_CONVERSION = YES;
				CLANG_WARN_INFINITE_RECURSION = YES;
				CLANG_WARN_INT_CONVERSION = YES;
				CLANG_WARN_NON_LITERAL_NULL_CONVERSION = YES;
				CLANG_WARN_OBJC_IMPLICIT_RETAIN_SELF = YES;
				CLANG_WARN_OBJC_LITERAL_CONVERSION = YES;
				CLANG_WARN_OBJC_ROOT_CLASS = YES_ERROR;
				CLANG_WARN_QUOTED_INCLUDE_IN_FRAMEWORK_HEADER = YES;
				CLANG_WARN_RANGE_LOOP_ANALYSIS = YES;
				CLANG_WARN_STRICT_PROTOTYPES = YES;
				CLANG_WARN_SUSPICIOUS_MOVE = YES;
				CLANG_WARN_UNGUARDED_AVAILABILITY = YES_AGGRESSIVE;
				CLANG_WARN_UNREACHABLE_CODE = YES;
				CLANG_WARN__DUPLICATE_METHOD_MATCH = YES;
				COPY_PHASE_STRIP = NO;
				DEBUG_INFORMATION_FORMAT = "dwarf-with-dsym";
				ENABLE_NS_ASSERTIONS = NO;
				ENABLE_STRICT_OBJC_MSGSEND = YES;
				ENABLE_USER_SCRIPT_SANDBOXING = YES;
				GCC_C_LANGUAGE_STANDARD = gnu17;
				GCC_NO_COMMON_BLOCKS = YES;
				GCC_WARN_64_TO_32_BIT_CONVERSION = YES;
				GCC_WARN_ABOUT_RETURN_TYPE = YES_ERROR;
				GCC_WARN_UNDECLARED_SELECTOR = YES;
				GCC_WARN_UNINITIALIZED_AUTOS = YES_AGGRESSIVE;
				GCC_WARN_UNUSED_FUNCTION = YES;
				GCC_WARN_UNUSED_VARIABLE = YES;
				IPHONEOS_DEPLOYMENT_TARGET = 17.4;
				LOCALIZATION_PREFERS_STRING_CATALOGS = YES;
				MTL_ENABLE_DEBUG_INFO = NO;
				MTL_FAST_MATH = YES;
				SDKROOT = iphoneos;
				SWIFT_COMPILATION_MODE = wholemodule;
				VALIDATE_PRODUCT = YES;
			};
			name = Release;
		};
		1A221E452C2D5A020038D597 /* Debug */ = {
			isa = XCBuildConfiguration;
			buildSettings = {
				ASSETCATALOG_COMPILER_APPICON_NAME = AppIcon;
				ASSETCATALOG_COMPILER_GLOBAL_ACCENT_COLOR_NAME = AccentColor;
				CODE_SIGN_STYLE = Automatic;
				CURRENT_PROJECT_VERSION = 1;
				DEVELOPMENT_ASSET_PATHS = "\"PickMeatProject/Preview Content\"";
				DEVELOPMENT_TEAM = F646K8QSPF;
				ENABLE_PREVIEWS = YES;
				GENERATE_INFOPLIST_FILE = YES;
				INFOPLIST_FILE = PickMeatProject/Info.plist;
				INFOPLIST_KEY_LSApplicationCategoryType = "";
				INFOPLIST_KEY_NSCameraUsageDescription = "이 앱은 사진을 촬영하기 위해 카메라를 사용합니다. 카메라 접근을 허용해주세요.";
				INFOPLIST_KEY_NSPhotoLibraryAddUsageDescription = "이 앱은 사진을 촬영 후 지정합니다. 앨범 쓰기 권한을 허용해주세요.";
				INFOPLIST_KEY_UIApplicationSceneManifest_Generation = YES;
				INFOPLIST_KEY_UIApplicationSupportsIndirectInputEvents = YES;
				INFOPLIST_KEY_UILaunchScreen_Generation = YES;
				INFOPLIST_KEY_UISupportedInterfaceOrientations_iPad = "UIInterfaceOrientationPortrait UIInterfaceOrientationPortraitUpsideDown UIInterfaceOrientationLandscapeLeft UIInterfaceOrientationLandscapeRight";
				INFOPLIST_KEY_UISupportedInterfaceOrientations_iPhone = "UIInterfaceOrientationPortrait UIInterfaceOrientationLandscapeLeft UIInterfaceOrientationLandscapeRight";
				LD_RUNPATH_SEARCH_PATHS = (
					"$(inherited)",
					"@executable_path/Frameworks",
				);
				MARKETING_VERSION = 1.0;
				PRODUCT_BUNDLE_IDENTIFIER = "com.swiftlec.PickMeatProject-kang";
				PRODUCT_NAME = "$(TARGET_NAME)";
				SWIFT_EMIT_LOC_STRINGS = YES;
				SWIFT_VERSION = 5.0;
				TARGETED_DEVICE_FAMILY = "1,2";
			};
			name = Debug;
		};
		1A221E462C2D5A020038D597 /* Release */ = {
			isa = XCBuildConfiguration;
			buildSettings = {
				ASSETCATALOG_COMPILER_APPICON_NAME = AppIcon;
				ASSETCATALOG_COMPILER_GLOBAL_ACCENT_COLOR_NAME = AccentColor;
				CODE_SIGN_STYLE = Automatic;
				CURRENT_PROJECT_VERSION = 1;
				DEVELOPMENT_ASSET_PATHS = "\"PickMeatProject/Preview Content\"";
				DEVELOPMENT_TEAM = F646K8QSPF;
				ENABLE_PREVIEWS = YES;
				GENERATE_INFOPLIST_FILE = YES;
				INFOPLIST_FILE = PickMeatProject/Info.plist;
				INFOPLIST_KEY_LSApplicationCategoryType = "";
				INFOPLIST_KEY_NSCameraUsageDescription = "이 앱은 사진을 촬영하기 위해 카메라를 사용합니다. 카메라 접근을 허용해주세요.";
				INFOPLIST_KEY_NSPhotoLibraryAddUsageDescription = "이 앱은 사진을 촬영 후 지정합니다. 앨범 쓰기 권한을 허용해주세요.";
				INFOPLIST_KEY_UIApplicationSceneManifest_Generation = YES;
				INFOPLIST_KEY_UIApplicationSupportsIndirectInputEvents = YES;
				INFOPLIST_KEY_UILaunchScreen_Generation = YES;
				INFOPLIST_KEY_UISupportedInterfaceOrientations_iPad = "UIInterfaceOrientationPortrait UIInterfaceOrientationPortraitUpsideDown UIInterfaceOrientationLandscapeLeft UIInterfaceOrientationLandscapeRight";
				INFOPLIST_KEY_UISupportedInterfaceOrientations_iPhone = "UIInterfaceOrientationPortrait UIInterfaceOrientationLandscapeLeft UIInterfaceOrientationLandscapeRight";
				LD_RUNPATH_SEARCH_PATHS = (
					"$(inherited)",
					"@executable_path/Frameworks",
				);
				MARKETING_VERSION = 1.0;
				PRODUCT_BUNDLE_IDENTIFIER = "com.swiftlec.PickMeatProject-kang";
				PRODUCT_NAME = "$(TARGET_NAME)";
				SWIFT_EMIT_LOC_STRINGS = YES;
				SWIFT_VERSION = 5.0;
				TARGETED_DEVICE_FAMILY = "1,2";
			};
			name = Release;
		};
/* End XCBuildConfiguration section */

/* Begin XCConfigurationList section */
		1A221E312C2D5A010038D597 /* Build configuration list for PBXProject "PickMeatProject" */ = {
			isa = XCConfigurationList;
			buildConfigurations = (
				1A221E422C2D5A020038D597 /* Debug */,
				1A221E432C2D5A020038D597 /* Release */,
			);
			defaultConfigurationIsVisible = 0;
			defaultConfigurationName = Release;
		};
		1A221E442C2D5A020038D597 /* Build configuration list for PBXNativeTarget "PickMeatProject" */ = {
			isa = XCConfigurationList;
			buildConfigurations = (
				1A221E452C2D5A020038D597 /* Debug */,
				1A221E462C2D5A020038D597 /* Release */,
			);
			defaultConfigurationIsVisible = 0;
			defaultConfigurationName = Release;
		};
/* End XCConfigurationList section */

/* Begin XCRemoteSwiftPackageReference section */
		1AB6000F2C3BA2FA000524A1 /* XCRemoteSwiftPackageReference "Alamofire" */ = {
			isa = XCRemoteSwiftPackageReference;
			repositoryURL = "https://github.com/Alamofire/Alamofire";
			requirement = {
				kind = upToNextMajorVersion;
				minimumVersion = 5.9.1;
			};
		};
		1F65AB642C362C7000FEB692 /* XCRemoteSwiftPackageReference "SDWebImageSwiftUI" */ = {
			isa = XCRemoteSwiftPackageReference;
			repositoryURL = "https://github.com/SDWebImage/SDWebImageSwiftUI.git";
			requirement = {
				kind = upToNextMajorVersion;
				minimumVersion = 3.1.1;
			};
		};
/* End XCRemoteSwiftPackageReference section */

/* Begin XCSwiftPackageProductDependency section */
		1AB600102C3BA2FA000524A1 /* Alamofire */ = {
			isa = XCSwiftPackageProductDependency;
			package = 1AB6000F2C3BA2FA000524A1 /* XCRemoteSwiftPackageReference "Alamofire" */;
			productName = Alamofire;
		};
		1F65AB652C362C7000FEB692 /* SDWebImageSwiftUI */ = {
			isa = XCSwiftPackageProductDependency;
			package = 1F65AB642C362C7000FEB692 /* XCRemoteSwiftPackageReference "SDWebImageSwiftUI" */;
			productName = SDWebImageSwiftUI;
		};
/* End XCSwiftPackageProductDependency section */
	};
	rootObject = 1A221E2E2C2D5A010038D597 /* Project object */;
}
